
Microsoft Visual Studio Solution File, Format Version 12.00
# Visual Studio Version 17
VisualStudioVersion = 17.3.32922.545
MinimumVisualStudioVersion = 10.0.40219.1
Project("{9A19103F-16F7-4668-BE54-9A1E7A4F7556}") = "EventHubContainerFunction", "EventHubContainerFunction\EventHubContainerFunction.csproj", "{5BDF1DC8-0C47-4506-BF7F-1C33AB2AEC86}"
EndProject
Project("{2150E333-8FDC-42A3-9474-1A3956D46DE8}") = "docker", "docker", "{F27CFA89-822D-44D0-A503-E53B9156139F}"
	ProjectSection(SolutionItems) = preProject
		docker\docker-compose-kafka.yml = docker\docker-compose-kafka.yml
		docker\docker-compose.yml = docker\docker-compose.yml
	EndProjectSection
EndProject
Global
	GlobalSection(SolutionConfigurationPlatforms) = preSolution
		Debug_Kafka|Any CPU = Debug_Kafka|Any CPU
		Debug|Any CPU = Debug|Any CPU
		Release|Any CPU = Release|Any CPU
	EndGlobalSection
	GlobalSection(ProjectConfigurationPlatforms) = postSolution
		{5BDF1DC8-0C47-4506-BF7F-1C33AB2AEC86}.Debug_Kafka|Any CPU.ActiveCfg = Debug_Kafka|Any CPU
		{5BDF1DC8-0C47-4506-BF7F-1C33AB2AEC86}.Debug_Kafka|Any CPU.Build.0 = Debug_Kafka|Any CPU
		{5BDF1DC8-0C47-4506-BF7F-1C33AB2AEC86}.Debug|Any CPU.ActiveCfg = Debug|Any CPU
		{5BDF1DC8-0C47-4506-BF7F-1C33AB2AEC86}.Debug|Any CPU.Build.0 = Debug|Any CPU
		{5BDF1DC8-0C47-4506-BF7F-1C33AB2AEC86}.Release|Any CPU.ActiveCfg = Release|Any CPU
		{5BDF1DC8-0C47-4506-BF7F-1C33AB2AEC86}.Release|Any CPU.Build.0 = Release|Any CPU
	EndGlobalSection
	GlobalSection(SolutionProperties) = preSolution
		HideSolutionNode = FALSE
	EndGlobalSection
	GlobalSection(ExtensibilityGlobals) = postSolution
		SolutionGuid = {6D7B3BA2-0F2F-4A0C-B7D8-7AC3C4EB0727}
	EndGlobalSection
EndGlobal
